dependencies:
- name: refinery
  repository: https://honeycombio.github.io/helm-charts
  version: 2.11.3
- name: opentelemetry-collector
  repository: https://open-telemetry.github.io/opentelemetry-helm-charts
  version: 0.105.0
- name: opentelemetry-collector
  repository: https://open-telemetry.github.io/opentelemetry-helm-charts
  version: 0.105.0
digest: sha256:719a5aeccde48c8a75921f159f35c3894dabfbcfd18019c7bc8fce9a6b27413d
generated: "2024-09-16T09:36:50.848509-06:00"
