dependencies:
- name: refinery
  repository: https://honeycombio.github.io/helm-charts
  version: 2.11.2
- name: opentelemetry-collector
  repository: https://open-telemetry.github.io/opentelemetry-helm-charts
  version: 0.104.0
- name: opentelemetry-collector
  repository: https://open-telemetry.github.io/opentelemetry-helm-charts
  version: 0.104.0
digest: sha256:64f425a97dfa26157f2eaa844be638e82d8eedd894cc7fdb463a18353b2f87d7
generated: "2024-09-11T14:32:07.911513+01:00"
