dependencies:
- name: refinery
  repository: file://../refinery/
  version: 2.11.2
- name: opentelemetry-collector
  repository: https://open-telemetry.github.io/opentelemetry-helm-charts
  version: 0.104.0
- name: opentelemetry-collector
  repository: https://open-telemetry.github.io/opentelemetry-helm-charts
  version: 0.104.0
digest: sha256:f3984de3641d7a3536760802068285b596cba6c2e2b35ad13c0787507d26705b
generated: "2024-09-11T19:31:28.968514+01:00"
